# Generated by pub
# See https://www.dartlang.org/tools/pub/glossary#lockfile
packages:
  charcode:
    dependency: "direct main"
    description:
      name: charcode
      url: "https://pub.dartlang.org"
    source: hosted
    version: "1.1.2"
  meta:
    dependency: "direct main"
    description:
      name: meta
      url: "https://pub.dartlang.org"
    source: hosted
    version: "1.1.6"
  path:
    dependency: "direct main"
    description:
      name: path
      url: "https://pub.dartlang.org"
    source: hosted
    version: "1.6.2"
  source_span:
    dependency: "direct main"
    description:
      name: source_span
      url: "https://pub.dartlang.org"
    source: hosted
    version: "1.4.1"
  string_scanner:
    dependency: "direct main"
    description:
      name: string_scanner
      url: "https://pub.dartlang.org"
    source: hosted
    version: "1.0.4"
sdks:
  dart: ">=2.0.0 <3.0.0"
